Microsoft Visual Studio Solution File, Format Version 12.00
# Visual Studio Version 17
VisualStudioVersion = 17.5.2.0
MinimumVisualStudioVersion = 10.0.40219.1
Project("{FAE04EC0-301F-11D3-BF4B-00C04F79EFBC}") = "Potions", "Potions\Potions.csproj", "{4974342B-DBA7-601F-FCB1-6310A804242A}"
EndProject
Project("{FAE04EC0-301F-11D3-BF4B-00C04F79EFBC}") = "Potions.Main", "Potions.Main\Potions.Main.csproj", "{AC8BC6EE-3DFA-7FF5-DB20-762F4881B504}"
EndProject
Project("{FAE04EC0-301F-11D3-BF4B-00C04F79EFBC}") = "Potions.Tests", "Potions.Tests\Potions.Tests.csproj", "{724A5F1F-BD6F-CF0E-6806-07FB4005279B}"
EndProject
Global
	GlobalSection(SolutionConfigurationPlatforms) = preSolution
		Debug|Any CPU = Debug|Any CPU
		Release|Any CPU = Release|Any CPU
	EndGlobalSection
	GlobalSection(ProjectConfigurationPlatforms) = postSolution
		{4974342B-DBA7-601F-FCB1-6310A804242A}.Debug|Any CPU.ActiveCfg = Debug|Any CPU
		{4974342B-DBA7-601F-FCB1-6310A804242A}.Debug|Any CPU.Build.0 = Debug|Any CPU
		{4974342B-DBA7-601F-FCB1-6310A804242A}.Release|Any CPU.ActiveCfg = Release|Any CPU
		{4974342B-DBA7-601F-FCB1-6310A804242A}.Release|Any CPU.Build.0 = Release|Any CPU
		{AC8BC6EE-3DFA-7FF5-DB20-762F4881B504}.Debug|Any CPU.ActiveCfg = Debug|Any CPU
		{AC8BC6EE-3DFA-7FF5-DB20-762F4881B504}.Debug|Any CPU.Build.0 = Debug|Any CPU
		{AC8BC6EE-3DFA-7FF5-DB20-762F4881B504}.Release|Any CPU.ActiveCfg = Release|Any CPU
		{AC8BC6EE-3DFA-7FF5-DB20-762F4881B504}.Release|Any CPU.Build.0 = Release|Any CPU
		{724A5F1F-BD6F-CF0E-6806-07FB4005279B}.Debug|Any CPU.ActiveCfg = Debug|Any CPU
		{724A5F1F-BD6F-CF0E-6806-07FB4005279B}.Debug|Any CPU.Build.0 = Debug|Any CPU
		{724A5F1F-BD6F-CF0E-6806-07FB4005279B}.Release|Any CPU.ActiveCfg = Release|Any CPU
		{724A5F1F-BD6F-CF0E-6806-07FB4005279B}.Release|Any CPU.Build.0 = Release|Any CPU
	EndGlobalSection
	GlobalSection(SolutionProperties) = preSolution
		HideSolutionNode = FALSE
	EndGlobalSection
	GlobalSection(ExtensibilityGlobals) = postSolution
		SolutionGuid = {EA449760-9B78-4CB5-B101-A733D1083441}
	EndGlobalSection
EndGlobal
